// !$*UTF8*$!
{
	archiveVersion = 1;
	classes = {
	};
	objectVersion = 46;
	objects = {

/* Begin PBXBuildFile section */
		4F1AC1DD1B6B63B200A46721 /* AppDelegate.swift in Sources */ = {isa = PBXBuildFile; fileRef = 4F1AC1DC1B6B63B200A46721 /* AppDelegate.swift */; };
		4F1AC1E21B6B63B200A46721 /* Main.storyboard in Resources */ = {isa = PBXBuildFile; fileRef = 4F1AC1E01B6B63B200A46721 /* Main.storyboard */; };
		4F1AC1E41B6B63B200A46721 /* Images.xcassets in Resources */ = {isa = PBXBuildFile; fileRef = 4F1AC1E31B6B63B200A46721 /* Images.xcassets */; };
		4F1AC1E71B6B63B200A46721 /* LaunchScreen.xib in Resources */ = {isa = PBXBuildFile; fileRef = 4F1AC1E51B6B63B200A46721 /* LaunchScreen.xib */; };
		4F1AC1F31B6B63B200A46721 /* IlmahavaintoTests.swift in Sources */ = {isa = PBXBuildFile; fileRef = 4F1AC1F21B6B63B200A46721 /* IlmahavaintoTests.swift */; };
		4F1AC1FD1B6B79A300A46721 /* ObservationDataViewController.swift in Sources */ = {isa = PBXBuildFile; fileRef = 4F1AC1FC1B6B79A300A46721 /* ObservationDataViewController.swift */; };
		4F2F11741B6BD420001F31D4 /* ObservationTableViewCell.swift in Sources */ = {isa = PBXBuildFile; fileRef = 4F2F11731B6BD420001F31D4 /* ObservationTableViewCell.swift */; };
		4F2F11761B6BD7AC001F31D4 /* ObservationMapping.swift in Sources */ = {isa = PBXBuildFile; fileRef = 4F2F11751B6BD7AC001F31D4 /* ObservationMapping.swift */; };
		4F39C074234E02B30087887A /* ObservationAnnotation.swift in Sources */ = {isa = PBXBuildFile; fileRef = 4F39C073234E02B30087887A /* ObservationAnnotation.swift */; };
		4F61A6531B70E85D000434C5 /* ObservationUtils.swift in Sources */ = {isa = PBXBuildFile; fileRef = 4F61A6521B70E85D000434C5 /* ObservationUtils.swift */; };
		4F9649501B6F404F005B6D7A /* MapViewController.swift in Sources */ = {isa = PBXBuildFile; fileRef = 4F96494F1B6F404F005B6D7A /* MapViewController.swift */; };
		4F9649521B6F413D005B6D7A /* MapKit.framework in Frameworks */ = {isa = PBXBuildFile; fileRef = 4F9649511B6F413D005B6D7A /* MapKit.framework */; };
/* End PBXBuildFile section */

/* Begin PBXContainerItemProxy section */
		4F1AC1ED1B6B63B200A46721 /* PBXContainerItemProxy */ = {
			isa = PBXContainerItemProxy;
			containerPortal = 4F1AC1CF1B6B63B200A46721 /* Project object */;
			proxyType = 1;
			remoteGlobalIDString = 4F1AC1D61B6B63B200A46721;
			remoteInfo = Ilmahavainto;
		};
/* End PBXContainerItemProxy section */

/* Begin PBXFileReference section */
		4F1AC1D71B6B63B200A46721 /* Ilmahavainto.app */ = {isa = PBXFileReference; explicitFileType = wrapper.application; includeInIndex = 0; path = Ilmahavainto.app; sourceTree = BUILT_PRODUCTS_DIR; };
		4F1AC1DB1B6B63B200A46721 /* Info.plist */ = {isa = PBXFileReference; lastKnownFileType = text.plist.xml; path = Info.plist; sourceTree = "<group>"; };
		4F1AC1DC1B6B63B200A46721 /* AppDelegate.swift */ = {isa = PBXFileReference; lastKnownFileType = sourcecode.swift; path = AppDelegate.swift; sourceTree = "<group>"; };
		4F1AC1E11B6B63B200A46721 /* Base */ = {isa = PBXFileReference; lastKnownFileType = file.storyboard; name = Base; path = Base.lproj/Main.storyboard; sourceTree = "<group>"; };
		4F1AC1E31B6B63B200A46721 /* Images.xcassets */ = {isa = PBXFileReference; lastKnownFileType = folder.assetcatalog; path = Images.xcassets; sourceTree = "<group>"; };
		4F1AC1E61B6B63B200A46721 /* Base */ = {isa = PBXFileReference; lastKnownFileType = file.xib; name = Base; path = Base.lproj/LaunchScreen.xib; sourceTree = "<group>"; };
		4F1AC1EC1B6B63B200A46721 /* IlmahavaintoTests.xctest */ = {isa = PBXFileReference; explicitFileType = wrapper.cfbundle; includeInIndex = 0; path = IlmahavaintoTests.xctest; sourceTree = BUILT_PRODUCTS_DIR; };
		4F1AC1F11B6B63B200A46721 /* Info.plist */ = {isa = PBXFileReference; lastKnownFileType = text.plist.xml; path = Info.plist; sourceTree = "<group>"; };
		4F1AC1F21B6B63B200A46721 /* IlmahavaintoTests.swift */ = {isa = PBXFileReference; lastKnownFileType = sourcecode.swift; path = IlmahavaintoTests.swift; sourceTree = "<group>"; };
		4F1AC1FC1B6B79A300A46721 /* ObservationDataViewController.swift */ = {isa = PBXFileReference; fileEncoding = 4; lastKnownFileType = sourcecode.swift; path = ObservationDataViewController.swift; sourceTree = "<group>"; };
		4F2F11731B6BD420001F31D4 /* ObservationTableViewCell.swift */ = {isa = PBXFileReference; fileEncoding = 4; lastKnownFileType = sourcecode.swift; path = ObservationTableViewCell.swift; sourceTree = "<group>"; };
		4F2F11751B6BD7AC001F31D4 /* ObservationMapping.swift */ = {isa = PBXFileReference; fileEncoding = 4; lastKnownFileType = sourcecode.swift; path = ObservationMapping.swift; sourceTree = "<group>"; };
		4F39C073234E02B30087887A /* ObservationAnnotation.swift */ = {isa = PBXFileReference; lastKnownFileType = sourcecode.swift; path = ObservationAnnotation.swift; sourceTree = "<group>"; };
		4F61A6521B70E85D000434C5 /* ObservationUtils.swift */ = {isa = PBXFileReference; fileEncoding = 4; lastKnownFileType = sourcecode.swift; path = ObservationUtils.swift; sourceTree = "<group>"; };
		4F96494F1B6F404F005B6D7A /* MapViewController.swift */ = {isa = PBXFileReference; fileEncoding = 4; lastKnownFileType = sourcecode.swift; path = MapViewController.swift; sourceTree = "<group>"; };
		4F9649511B6F413D005B6D7A /* MapKit.framework */ = {isa = PBXFileReference; lastKnownFileType = wrapper.framework; name = MapKit.framework; path = System/Library/Frameworks/MapKit.framework; sourceTree = SDKROOT; };
/* End PBXFileReference section */

/* Begin PBXFrameworksBuildPhase section */
		4F1AC1D41B6B63B200A46721 /* Frameworks */ = {
			isa = PBXFrameworksBuildPhase;
			buildActionMask = 2147483647;
			files = (
				4F9649521B6F413D005B6D7A /* MapKit.framework in Frameworks */,
			);
			runOnlyForDeploymentPostprocessing = 0;
		};
		4F1AC1E91B6B63B200A46721 /* Frameworks */ = {
			isa = PBXFrameworksBuildPhase;
			buildActionMask = 2147483647;
			files = (
			);
			runOnlyForDeploymentPostprocessing = 0;
		};
/* End PBXFrameworksBuildPhase section */

/* Begin PBXGroup section */
		4F1AC1CE1B6B63B200A46721 = {
			isa = PBXGroup;
			children = (
				4F9649511B6F413D005B6D7A /* MapKit.framework */,
				4F1AC1D91B6B63B200A46721 /* Ilmahavainto */,
				4F1AC1EF1B6B63B200A46721 /* IlmahavaintoTests */,
				4F1AC1D81B6B63B200A46721 /* Products */,
			);
			sourceTree = "<group>";
		};
		4F1AC1D81B6B63B200A46721 /* Products */ = {
			isa = PBXGroup;
			children = (
				4F1AC1D71B6B63B200A46721 /* Ilmahavainto.app */,
				4F1AC1EC1B6B63B200A46721 /* IlmahavaintoTests.xctest */,
			);
			name = Products;
			sourceTree = "<group>";
		};
		4F1AC1D91B6B63B200A46721 /* Ilmahavainto */ = {
			isa = PBXGroup;
			children = (
				4F1AC1E01B6B63B200A46721 /* Main.storyboard */,
				4F1AC1DC1B6B63B200A46721 /* AppDelegate.swift */,
				4F96494F1B6F404F005B6D7A /* MapViewController.swift */,
				4F1AC1FC1B6B79A300A46721 /* ObservationDataViewController.swift */,
				4F2F11731B6BD420001F31D4 /* ObservationTableViewCell.swift */,
				4F2F11751B6BD7AC001F31D4 /* ObservationMapping.swift */,
				4F61A6521B70E85D000434C5 /* ObservationUtils.swift */,
				4F1AC1E31B6B63B200A46721 /* Images.xcassets */,
				4F1AC1E51B6B63B200A46721 /* LaunchScreen.xib */,
				4F1AC1DA1B6B63B200A46721 /* Supporting Files */,
				4F39C073234E02B30087887A /* ObservationAnnotation.swift */,
			);
			path = Ilmahavainto;
			sourceTree = "<group>";
		};
		4F1AC1DA1B6B63B200A46721 /* Supporting Files */ = {
			isa = PBXGroup;
			children = (
				4F1AC1DB1B6B63B200A46721 /* Info.plist */,
			);
			name = "Supporting Files";
			sourceTree = "<group>";
		};
		4F1AC1EF1B6B63B200A46721 /* IlmahavaintoTests */ = {
			isa = PBXGroup;
			children = (
				4F1AC1F21B6B63B200A46721 /* IlmahavaintoTests.swift */,
				4F1AC1F01B6B63B200A46721 /* Supporting Files */,
			);
			path = IlmahavaintoTests;
			sourceTree = "<group>";
		};
		4F1AC1F01B6B63B200A46721 /* Supporting Files */ = {
			isa = PBXGroup;
			children = (
				4F1AC1F11B6B63B200A46721 /* Info.plist */,
			);
			name = "Supporting Files";
			sourceTree = "<group>";
		};
/* End PBXGroup section */

/* Begin PBXNativeTarget section */
		4F1AC1D61B6B63B200A46721 /* Ilmahavainto */ = {
			isa = PBXNativeTarget;
			buildConfigurationList = 4F1AC1F61B6B63B200A46721 /* Build configuration list for PBXNativeTarget "Ilmahavainto" */;
			buildPhases = (
				4F1AC1D31B6B63B200A46721 /* Sources */,
				4F1AC1D41B6B63B200A46721 /* Frameworks */,
				4F1AC1D51B6B63B200A46721 /* Resources */,
			);
			buildRules = (
			);
			dependencies = (
			);
			name = Ilmahavainto;
			productName = Ilmahavainto;
			productReference = 4F1AC1D71B6B63B200A46721 /* Ilmahavainto.app */;
			productType = "com.apple.product-type.application";
		};
		4F1AC1EB1B6B63B200A46721 /* IlmahavaintoTests */ = {
			isa = PBXNativeTarget;
			buildConfigurationList = 4F1AC1F91B6B63B200A46721 /* Build configuration list for PBXNativeTarget "IlmahavaintoTests" */;
			buildPhases = (
				4F1AC1E81B6B63B200A46721 /* Sources */,
				4F1AC1E91B6B63B200A46721 /* Frameworks */,
				4F1AC1EA1B6B63B200A46721 /* Resources */,
			);
			buildRules = (
			);
			dependencies = (
				4F1AC1EE1B6B63B200A46721 /* PBXTargetDependency */,
			);
			name = IlmahavaintoTests;
			productName = IlmahavaintoTests;
			productReference = 4F1AC1EC1B6B63B200A46721 /* IlmahavaintoTests.xctest */;
			productType = "com.apple.product-type.bundle.unit-test";
		};
/* End PBXNativeTarget section */

/* Begin PBXProject section */
		4F1AC1CF1B6B63B200A46721 /* Project object */ = {
			isa = PBXProject;
			attributes = {
				LastUpgradeCheck = 1100;
				ORGANIZATIONNAME = "Jukka Aittola";
				TargetAttributes = {
					4F1AC1D61B6B63B200A46721 = {
						CreatedOnToolsVersion = 6.4;
						DevelopmentTeam = L3BYPUKWJN;
					};
					4F1AC1EB1B6B63B200A46721 = {
						CreatedOnToolsVersion = 6.4;
						TestTargetID = 4F1AC1D61B6B63B200A46721;
					};
				};
			};
			buildConfigurationList = 4F1AC1D21B6B63B200A46721 /* Build configuration list for PBXProject "Ilmahavainto" */;
			compatibilityVersion = "Xcode 3.2";
			developmentRegion = en;
			hasScannedForEncodings = 0;
			knownRegions = (
				en,
				Base,
			);
			mainGroup = 4F1AC1CE1B6B63B200A46721;
			productRefGroup = 4F1AC1D81B6B63B200A46721 /* Products */;
			projectDirPath = "";
			projectRoot = "";
			targets = (
				4F1AC1D61B6B63B200A46721 /* Ilmahavainto */,
				4F1AC1EB1B6B63B200A46721 /* IlmahavaintoTests */,
			);
		};
/* End PBXProject section */

/* Begin PBXResourcesBuildPhase section */
		4F1AC1D51B6B63B200A46721 /* Resources */ = {
			isa = PBXResourcesBuildPhase;
			buildActionMask = 2147483647;
			files = (
				4F1AC1E21B6B63B200A46721 /* Main.storyboard in Resources */,
				4F1AC1E71B6B63B200A46721 /* LaunchScreen.xib in Resources */,
				4F1AC1E41B6B63B200A46721 /* Images.xcassets in Resources */,
			);
			runOnlyForDeploymentPostprocessing = 0;
		};
		4F1AC1EA1B6B63B200A46721 /* Resources */ = {
			isa = PBXResourcesBuildPhase;
			buildActionMask = 2147483647;
			files = (
			);
			runOnlyForDeploymentPostprocessing = 0;
		};
/* End PBXResourcesBuildPhase section */

/* Begin PBXSourcesBuildPhase section */
		4F1AC1D31B6B63B200A46721 /* Sources */ = {
			isa = PBXSourcesBuildPhase;
			buildActionMask = 2147483647;
			files = (
				4F39C074234E02B30087887A /* ObservationAnnotation.swift in Sources */,
				4F1AC1DD1B6B63B200A46721 /* AppDelegate.swift in Sources */,
				4F2F11741B6BD420001F31D4 /* ObservationTableViewCell.swift in Sources */,
				4F1AC1FD1B6B79A300A46721 /* ObservationDataViewController.swift in Sources */,
				4F9649501B6F404F005B6D7A /* MapViewController.swift in Sources */,
				4F2F11761B6BD7AC001F31D4 /* ObservationMapping.swift in Sources */,
				4F61A6531B70E85D000434C5 /* ObservationUtils.swift in Sources */,
			);
			runOnlyForDeploymentPostprocessing = 0;
		};
		4F1AC1E81B6B63B200A46721 /* Sources */ = {
			isa = PBXSourcesBuildPhase;
			buildActionMask = 2147483647;
			files = (
				4F1AC1F31B6B63B200A46721 /* IlmahavaintoTests.swift in Sources */,
			);
			runOnlyForDeploymentPostprocessing = 0;
		};
/* End PBXSourcesBuildPhase section */

/* Begin PBXTargetDependency section */
		4F1AC1EE1B6B63B200A46721 /* PBXTargetDependency */ = {
			isa = PBXTargetDependency;
			target = 4F1AC1D61B6B63B200A46721 /* Ilmahavainto */;
			targetProxy = 4F1AC1ED1B6B63B200A46721 /* PBXContainerItemProxy */;
		};
/* End PBXTargetDependency section */

/* Begin PBXVariantGroup section */
		4F1AC1E01B6B63B200A46721 /* Main.storyboard */ = {
			isa = PBXVariantGroup;
			children = (
				4F1AC1E11B6B63B200A46721 /* Base */,
			);
			name = Main.storyboard;
			sourceTree = "<group>";
		};
		4F1AC1E51B6B63B200A46721 /* LaunchScreen.xib */ = {
			isa = PBXVariantGroup;
			children = (
				4F1AC1E61B6B63B200A46721 /* Base */,
			);
			name = LaunchScreen.xib;
			sourceTree = "<group>";
		};
/* End PBXVariantGroup section */

/* Begin XCBuildConfiguration section */
		4F1AC1F41B6B63B200A46721 /* Debug */ = {
			isa = XCBuildConfiguration;
			buildSettings = {
				ALWAYS_SEARCH_USER_PATHS = NO;
				CLANG_ANALYZER_LOCALIZABILITY_NONLOCALIZED = YES;
				CLANG_CXX_LANGUAGE_STANDARD = "gnu++0x";
				CLANG_CXX_LIBRARY = "libc++";
				CLANG_ENABLE_MODULES = YES;
				CLANG_ENABLE_OBJC_ARC = YES;
				CLANG_WARN_BLOCK_CAPTURE_AUTORELEASING = YES;
				CLANG_WARN_BOOL_CONVERSION = YES;
				CLANG_WARN_COMMA = YES;
				CLANG_WARN_CONSTANT_CONVERSION = YES;
				CLANG_WARN_DEPRECATED_OBJC_IMPLEMENTATIONS = YES;
				CLANG_WARN_DIRECT_OBJC_ISA_USAGE = YES_ERROR;
				CLANG_WARN_EMPTY_BODY = YES;
				CLANG_WARN_ENUM_CONVERSION = YES;
				CLANG_WARN_INFINITE_RECURSION = YES;
				CLANG_WARN_INT_CONVERSION = YES;
				CLANG_WARN_NON_LITERAL_NULL_CONVERSION = YES;
				CLANG_WARN_OBJC_IMPLICIT_RETAIN_SELF = YES;
				CLANG_WARN_OBJC_LITERAL_CONVERSION = YES;
				CLANG_WARN_OBJC_ROOT_CLASS = YES_ERROR;
				CLANG_WARN_RANGE_LOOP_ANALYSIS = YES;
				CLANG_WARN_STRICT_PROTOTYPES = YES;
				CLANG_WARN_SUSPICIOUS_MOVE = YES;
				CLANG_WARN_UNREACHABLE_CODE = YES;
				CLANG_WARN__DUPLICATE_METHOD_MATCH = YES;
				"CODE_SIGN_IDENTITY[sdk=iphoneos*]" = "iPhone Developer";
				COPY_PHASE_STRIP = NO;
				DEBUG_INFORMATION_FORMAT = "dwarf-with-dsym";
				ENABLE_STRICT_OBJC_MSGSEND = YES;
				ENABLE_TESTABILITY = YES;
				GCC_C_LANGUAGE_STANDARD = gnu99;
				GCC_DYNAMIC_NO_PIC = NO;
				GCC_NO_COMMON_BLOCKS = YES;
				GCC_OPTIMIZATION_LEVEL = 0;
				GCC_PREPROCESSOR_DEFINITIONS = (
					"DEBUG=1",
					"$(inherited)",
				);
				GCC_SYMBOLS_PRIVATE_EXTERN = NO;
				GCC_WARN_64_TO_32_BIT_CONVERSION = YES;
				GCC_WARN_ABOUT_RETURN_TYPE = YES_ERROR;
				GCC_WARN_UNDECLARED_SELECTOR = YES;
				GCC_WARN_UNINITIALIZED_AUTOS = YES_AGGRESSIVE;
				GCC_WARN_UNUSED_FUNCTION = YES;
				GCC_WARN_UNUSED_VARIABLE = YES;
				IPHONEOS_DEPLOYMENT_TARGET = 12.4;
				MTL_ENABLE_DEBUG_INFO = YES;
				ONLY_ACTIVE_ARCH = YES;
				SDKROOT = iphoneos;
				SWIFT_OPTIMIZATION_LEVEL = "-Onone";
				SWIFT_VERSION = 5.0;
				TARGETED_DEVICE_FAMILY = "1,2";
			};
			name = Debug;
		};
		4F1AC1F51B6B63B200A46721 /* Release */ = {
			isa = XCBuildConfiguration;
			buildSettings = {
				ALWAYS_SEARCH_USER_PATHS = NO;
				CLANG_ANALYZER_LOCALIZABILITY_NONLOCALIZED = YES;
				CLANG_CXX_LANGUAGE_STANDARD = "gnu++0x";
				CLANG_CXX_LIBRARY = "libc++";
				CLANG_ENABLE_MODULES = YES;
				CLANG_ENABLE_OBJC_ARC = YES;
				CLANG_WARN_BLOCK_CAPTURE_AUTORELEASING = YES;
				CLANG_WARN_BOOL_CONVERSION = YES;
				CLANG_WARN_COMMA = YES;
				CLANG_WARN_CONSTANT_CONVERSION = YES;
				CLANG_WARN_DEPRECATED_OBJC_IMPLEMENTATIONS = YES;
				CLANG_WARN_DIRECT_OBJC_ISA_USAGE = YES_ERROR;
				CLANG_WARN_EMPTY_BODY = YES;
				CLANG_WARN_ENUM_CONVERSION = YES;
				CLANG_WARN_INFINITE_RECURSION = YES;
				CLANG_WARN_INT_CONVERSION = YES;
				CLANG_WARN_NON_LITERAL_NULL_CONVERSION = YES;
				CLANG_WARN_OBJC_IMPLICIT_RETAIN_SELF = YES;
				CLANG_WARN_OBJC_LITERAL_CONVERSION = YES;
				CLANG_WARN_OBJC_ROOT_CLASS = YES_ERROR;
				CLANG_WARN_RANGE_LOOP_ANALYSIS = YES;
				CLANG_WARN_STRICT_PROTOTYPES = YES;
				CLANG_WARN_SUSPICIOUS_MOVE = YES;
				CLANG_WARN_UNREACHABLE_CODE = YES;
				CLANG_WARN__DUPLICATE_METHOD_MATCH = YES;
				"CODE_SIGN_IDENTITY[sdk=iphoneos*]" = "iPhone Developer";
				COPY_PHASE_STRIP = NO;
				DEBUG_INFORMATION_FORMAT = "dwarf-with-dsym";
				ENABLE_NS_ASSERTIONS = NO;
				ENABLE_STRICT_OBJC_MSGSEND = YES;
				GCC_C_LANGUAGE_STANDARD = gnu99;
				GCC_NO_COMMON_BLOCKS = YES;
				GCC_WARN_64_TO_32_BIT_CONVERSION = YES;
				GCC_WARN_ABOUT_RETURN_TYPE = YES_ERROR;
				GCC_WARN_UNDECLARED_SELECTOR = YES;
				GCC_WARN_UNINITIALIZED_AUTOS = YES_AGGRESSIVE;
				GCC_WARN_UNUSED_FUNCTION = YES;
				GCC_WARN_UNUSED_VARIABLE = YES;
				IPHONEOS_DEPLOYMENT_TARGET = 12.4;
				MTL_ENABLE_DEBUG_INFO = NO;
				SDKROOT = iphoneos;
				SWIFT_COMPILATION_MODE = wholemodule;
				SWIFT_VERSION = 5.0;
				TARGETED_DEVICE_FAMILY = "1,2";
				VALIDATE_PRODUCT = YES;
			};
			name = Release;
		};
		4F1AC1F71B6B63B200A46721 /* Debug */ = {
			isa = XCBuildConfiguration;
			buildSettings = {
				ASSETCATALOG_COMPILER_APPICON_NAME = AppIcon;
				DEVELOPMENT_TEAM = L3BYPUKWJN;
				INFOPLIST_FILE = Ilmahavainto/Info.plist;
				LD_RUNPATH_SEARCH_PATHS = "$(inherited) @executable_path/Frameworks";
				PRODUCT_BUNDLE_IDENTIFIER = "fi.iki.jaittola.$(PRODUCT_NAME:rfc1034identifier)";
				PRODUCT_NAME = "$(TARGET_NAME)";
			};
			name = Debug;
		};
		4F1AC1F81B6B63B200A46721 /* Release */ = {
			isa = XCBuildConfiguration;
			buildSettings = {
				ASSETCATALOG_COMPILER_APPICON_NAME = AppIcon;
				DEVELOPMENT_TEAM = L3BYPUKWJN;
				INFOPLIST_FILE = Ilmahavainto/Info.plist;
				LD_RUNPATH_SEARCH_PATHS = "$(inherited) @executable_path/Frameworks";
				PRODUCT_BUNDLE_IDENTIFIER = "fi.iki.jaittola.$(PRODUCT_NAME:rfc1034identifier)";
				PRODUCT_NAME = "$(TARGET_NAME)";
			};
			name = Release;
		};
		4F1AC1FA1B6B63B200A46721 /* Debug */ = {
			isa = XCBuildConfiguration;
			buildSettings = {
				BUNDLE_LOADER = "$(TEST_HOST)";
				FRAMEWORK_SEARCH_PATHS = (
					"$(SDKROOT)/Developer/Library/Frameworks",
					"$(inherited)",
				);
				GCC_PREPROCESSOR_DEFINITIONS = (
					"DEBUG=1",
					"$(inherited)",
				);
				INFOPLIST_FILE = IlmahavaintoTests/Info.plist;
				LD_RUNPATH_SEARCH_PATHS = "$(inherited) @executable_path/Frameworks @loader_path/Frameworks";
				PRODUCT_BUNDLE_IDENTIFIER = "fi.iki.jaittola.$(PRODUCT_NAME:rfc1034identifier)";
				PRODUCT_NAME = "$(TARGET_NAME)";
				TEST_HOST = "$(BUILT_PRODUCTS_DIR)/Ilmahavainto.app/Ilmahavainto";
			};
			name = Debug;
		};
		4F1AC1FB1B6B63B200A46721 /* Release */ = {
			isa = XCBuildConfiguration;
			buildSettings = {
				BUNDLE_LOADER = "$(TEST_HOST)";
				FRAMEWORK_SEARCH_PATHS = (
					"$(SDKROOT)/Developer/Library/Frameworks",
					"$(inherited)",
				);
				INFOPLIST_FILE = IlmahavaintoTests/Info.plist;
				LD_RUNPATH_SEARCH_PATHS = "$(inherited) @executable_path/Frameworks @loader_path/Frameworks";
				PRODUCT_BUNDLE_IDENTIFIER = "fi.iki.jaittola.$(PRODUCT_NAME:rfc1034identifier)";
				PRODUCT_NAME = "$(TARGET_NAME)";
				TEST_HOST = "$(BUILT_PRODUCTS_DIR)/Ilmahavainto.app/Ilmahavainto";
			};
			name = Release;
		};
/* End XCBuildConfiguration section */

/* Begin XCConfigurationList section */
		4F1AC1D21B6B63B200A46721 /* Build configuration list for PBXProject "Ilmahavainto" */ = {
			isa = XCConfigurationList;
			buildConfigurations = (
				4F1AC1F41B6B63B200A46721 /* Debug */,
				4F1AC1F51B6B63B200A46721 /* Release */,
			);
			defaultConfigurationIsVisible = 0;
			defaultConfigurationName = Release;
		};
		4F1AC1F61B6B63B200A46721 /* Build configuration list for PBXNativeTarget "Ilmahavainto" */ = {
			isa = XCConfigurationList;
			buildConfigurations = (
				4F1AC1F71B6B63B200A46721 /* Debug */,
				4F1AC1F81B6B63B200A46721 /* Release */,
			);
			defaultConfigurationIsVisible = 0;
			defaultConfigurationName = Release;
		};
		4F1AC1F91B6B63B200A46721 /* Build configuration list for PBXNativeTarget "IlmahavaintoTests" */ = {
			isa = XCConfigurationList;
			buildConfigurations = (
				4F1AC1FA1B6B63B200A46721 /* Debug */,
				4F1AC1FB1B6B63B200A46721 /* Release */,
			);
			defaultConfigurationIsVisible = 0;
			defaultConfigurationName = Release;
		};
/* End XCConfigurationList section */
	};
	rootObject = 4F1AC1CF1B6B63B200A46721 /* Project object */;
}
